<?xml version="1.0" encoding="utf-8"?>
<Project ToolsVersion="4.0" xmlns="http://schemas.microsoft.com/developer/msbuild/2003">
  <ItemGroup>
    <Filter Include="Source Files">
      <UniqueIdentifier>{4FC737F1-C7A5-4376-A066-2A32D752A2FF}</UniqueIdentifier>
      <Extensions>cpp;c;cc;cxx;def;odl;idl;hpj;bat;asm;asmx</Extensions>
    </Filter>
    <Filter Include="Header Files">
      <UniqueIdentifier>{93995380-89BD-4b04-88EB-625FBE52EBFB}</UniqueIdentifier>
      <Extensions>h;hh;hpp;hxx;hm;inl;inc;xsd</Extensions>
    </Filter>
    <Filter Include="Resource Files">
      <UniqueIdentifier>{67DA6AB6-F800-4c08-8B7A-83BB121AAD01}</UniqueIdentifier>
      <Extensions>rc;ico;cur;bmp;dlg;rc2;rct;bin;rgs;gif;jpg;jpeg;jpe;resx;tiff;tif;png;wav;mfcribbon-ms</Extensions>
    </Filter>
  </ItemGroup>
  <ItemGroup>
    <ClCompile Include="ast\core\AstBase.cpp">
      <Filter>Source Files</Filter>
    </ClCompile>
    <ClCompile Include="ast\Tag.cpp">
      <Filter>Source Files</Filter>
    </ClCompile>
    <ClCompile Include="ast\Background.cpp">
      <Filter>Source Files</Filter>
    </ClCompile>
    <ClCompile Include="ast\Comment.cpp">
      <Filter>Source Files</Filter>
    </ClCompile>
    <ClCompile Include="ast\DataTable.cpp">
      <Filter>Source Files</Filter>
    </ClCompile>
    <ClCompile Include="ast\DocString.cpp">
      <Filter>Source Files</Filter>
    </ClCompile>
    <ClCompile Include="ast\Examples.cpp">
      <Filter>Source Files</Filter>
    </ClCompile>
    <ClCompile Include="ast\Feature.cpp">
      <Filter>Source Files</Filter>
    </ClCompile>
    <ClCompile Include="ast\Location.cpp">
      <Filter>Source Files</Filter>
    </ClCompile>
    <ClCompile Include="ast\Scenario.cpp">
      <Filter>Source Files</Filter>
    </ClCompile>
    <ClCompile Include="ast\ScenarioDefinition.cpp">
      <Filter>Source Files</Filter>
    </ClCompile>
    <ClCompile Include="ast\ScenarioOutline.cpp">
      <Filter>Source Files</Filter>
    </ClCompile>
    <ClCompile Include="ast\Step.cpp">
      <Filter>Source Files</Filter>
    </ClCompile>
    <ClCompile Include="ast\StepArgument.cpp">
      <Filter>Source Files</Filter>
    </ClCompile>
    <ClCompile Include="ast\TableCell.cpp">
      <Filter>Source Files</Filter>
    </ClCompile>
    <ClCompile Include="ast\TableRow.cpp">
      <Filter>Source Files</Filter>
    </ClCompile>
    <ClCompile Include="main.cpp">
      <Filter>Source Files</Filter>
    </ClCompile>
    <ClCompile Include="ast\core\TagContainer.cpp">
      <Filter>Source Files</Filter>
    </ClCompile>
  </ItemGroup>
  <ItemGroup>
    <ClInclude Include="ast\inc\core\AstBase.h">
      <Filter>Header Files</Filter>
    </ClInclude>
    <ClInclude Include="ast\inc\Background.h">
      <Filter>Header Files</Filter>
    </ClInclude>
    <ClInclude Include="ast\inc\Comment.h">
      <Filter>Header Files</Filter>
    </ClInclude>
    <ClInclude Include="ast\inc\DataTable.h">
      <Filter>Header Files</Filter>
    </ClInclude>
    <ClInclude Include="ast\inc\DocString.h">
      <Filter>Header Files</Filter>
    </ClInclude>
    <ClInclude Include="ast\inc\Examples.h">
      <Filter>Header Files</Filter>
    </ClInclude>
    <ClInclude Include="ast\inc\Feature.h">
      <Filter>Header Files</Filter>
    </ClInclude>
    <ClInclude Include="ast\inc\Location.h">
      <Filter>Header Files</Filter>
    </ClInclude>
    <ClInclude Include="ast\inc\Scenario.h">
      <Filter>Header Files</Filter>
    </ClInclude>
    <ClInclude Include="ast\inc\ScenarioDefinition.h">
      <Filter>Header Files</Filter>
    </ClInclude>
    <ClInclude Include="ast\inc\ScenarioOutline.h">
      <Filter>Header Files</Filter>
    </ClInclude>
    <ClInclude Include="ast\inc\Step.h">
      <Filter>Header Files</Filter>
    </ClInclude>
    <ClInclude Include="ast\inc\StepArgument.h">
      <Filter>Header Files</Filter>
    </ClInclude>
    <ClInclude Include="ast\inc\TableCell.h">
      <Filter>Header Files</Filter>
    </ClInclude>
    <ClInclude Include="ast\inc\TableRow.h">
      <Filter>Header Files</Filter>
    </ClInclude>
    <ClInclude Include="ast\inc\Tag.h">
      <Filter>Header Files</Filter>
    </ClInclude>
    <ClInclude Include="ast\inc\core\TagContainer.h">
      <Filter>Header Files</Filter>
    </ClInclude>
  </ItemGroup>
</Project>